
Microsoft Visual Studio Solution File, Format Version 12.00
# Visual Studio Version 17
VisualStudioVersion = 17.8.34525.116
MinimumVisualStudioVersion = 10.0.40219.1
Project("{FAE04EC0-301F-11D3-BF4B-00C04F79EFBC}") = "Week14OOP", "Week14OOP\Week14OOP.csproj", "{AC7FEC71-4D8D-4F98-87F0-EEEFD787F097}"
EndProject
Global
	GlobalSection(SolutionConfigurationPlatforms) = preSolution
		Debug|Any CPU = Debug|Any CPU
		Release|Any CPU = Release|Any CPU
	EndGlobalSection
	GlobalSection(ProjectConfigurationPlatforms) = postSolution
		{AC7FEC71-4D8D-4F98-87F0-EEEFD787F097}.Debug|Any CPU.ActiveCfg = Debug|Any CPU
		{AC7FEC71-4D8D-4F98-87F0-EEEFD787F097}.Debug|Any CPU.Build.0 = Debug|Any CPU
		{AC7FEC71-4D8D-4F98-87F0-EEEFD787F097}.Release|Any CPU.ActiveCfg = Release|Any CPU
		{AC7FEC71-4D8D-4F98-87F0-EEEFD787F097}.Release|Any CPU.Build.0 = Release|Any CPU
	EndGlobalSection
	GlobalSection(SolutionProperties) = preSolution
		HideSolutionNode = FALSE
	EndGlobalSection
	GlobalSection(ExtensibilityGlobals) = postSolution
		SolutionGuid = {5BFEF2FB-C8DF-4C9E-84C6-1A2FD6FF0385}
	EndGlobalSection
EndGlobal
